// !$*UTF8*$!
{
	archiveVersion = 1;
	classes = {
	};
	objectVersion = 77;
	objects = {

/* Begin PBXContainerItemProxy section */
		AE3FD2BE2FF4F0180033A8E6 /* PBXContainerItemProxy */ = {
			isa = PBXContainerItemProxy;
			containerPortal = AE3FD2A62FF4F0170033A8E6 /* Project object */;
			proxyType = 1;
			remoteGlobalIDString = AE3FD2AD2FF4F0170033A8E6;
			remoteInfo = moto46;
		};
		AE3FD2C82FF4F0180033A8E6 /* PBXContainerItemProxy */ = {
			isa = PBXContainerItemProxy;
			containerPortal = AE3FD2A62FF4F0170033A8E6 /* Project object */;
			proxyType = 1;
			remoteGlobalIDString = AE3FD2AD2FF4F0170033A8E6;
			remoteInfo = moto46;
		};
/* End PBXContainerItemProxy section */

/* Begin PBXFileReference section */
		AE3FD2AE2FF4F0170033A8E6 /* moto46.app */ = {isa = PBXFileReference; explicitFileType = wrapper.application; includeInIndex = 0; path = moto46.app; sourceTree = BUILT_PRODUCTS_DIR; };
		AE3FD2BD2FF4F0180033A8E6 /* moto46Tests.xctest */ = {isa = PBXFileReference; explicitFileType = wrapper.cfbundle; includeInIndex = 0; path = moto46Tests.xctest; sourceTree = BUILT_PRODUCTS_DIR; };
		AE3FD2C72FF4F0180033A8E6 /* moto46UITests.xctest */ = {isa = PBXFileReference; explicitFileType = wrapper.cfbundle; includeInIndex = 0; path = moto46UITests.xctest; sourceTree = BUILT_PRODUCTS_DIR; };
/* End PBXFileReference section */

/* Begin PBXFileSystemSynchronizedRootGroup section */
		AE3FD2B02FF4F0170033A8E6 /* moto46 */ = {
			isa = PBXFileSystemSynchronizedRootGroup;
			path = moto46;
			sourceTree = "<group>";
		};
		AE3FD2C02FF4F0180033A8E6 /* moto46Tests */ = {
			isa = PBXFileSystemSynchronizedRootGroup;
			path = moto46Tests;
			sourceTree = "<group>";
		};
		AE3FD2CA2FF4F0180033A8E6 /* moto46UITests */ = {
			isa = PBXFileSystemSynchronizedRootGroup;
			path = moto46UITests;
			sourceTree = "<group>";
		};
/* End PBXFileSystemSynchronizedRootGroup section */

/* Begin PBXFrameworksBuildPhase section */
		AE3FD2AB2FF4F0170033A8E6 /* Frameworks */ = {
			isa = PBXFrameworksBuildPhase;
			buildActionMask = 2147483647;
			files = (
			);
			runOnlyForDeploymentPostprocessing = 0;
		};
		AE3FD2BA2FF4F0180033A8E6 /* Frameworks */ = {
			isa = PBXFrameworksBuildPhase;
			buildActionMask = 2147483647;
			files = (
			);
			runOnlyForDeploymentPostprocessing = 0;
		};
		AE3FD2C42FF4F0180033A8E6 /* Frameworks */ = {
			isa = PBXFrameworksBuildPhase;
			buildActionMask = 2147483647;
			files = (
			);
			runOnlyForDeploymentPostprocessing = 0;
		};
/* End PBXFrameworksBuildPhase section */

/* Begin PBXGroup section */
		AE3FD2A52FF4F0170033A8E6 = {
			isa = PBXGroup;
			children = (
				AE3FD2B02FF4F0170033A8E6 /* moto46 */,
				AE3FD2C02FF4F0180033A8E6 /* moto46Tests */,
				AE3FD2CA2FF4F0180033A8E6 /* moto46UITests */,
				AE3FD2AF2FF4F0170033A8E6 /* Products */,
			);
			sourceTree = "<group>";
		};
		AE3FD2AF2FF4F0170033A8E6 /* Products */ = {
			isa = PBXGroup;
			children = (
				AE3FD2AE2FF4F0170033A8E6 /* moto46.app */,
				AE3FD2BD2FF4F0180033A8E6 /* moto46Tests.xctest */,
				AE3FD2C72FF4F0180033A8E6 /* moto46UITests.xctest */,
			);
			name = Products;
			sourceTree = "<group>";
		};
/* End PBXGroup section */

/* Begin PBXNativeTarget section */
		AE3FD2AD2FF4F0170033A8E6 /* moto46 */ = {
			isa = PBXNativeTarget;
			buildConfigurationList = AE3FD2D12FF4F0180033A8E6 /* Build configuration list for PBXNativeTarget "moto46" */;
			buildPhases = (
				AE3FD2AA2FF4F0170033A8E6 /* Sources */,
				AE3FD2AB2FF4F0170033A8E6 /* Frameworks */,
				AE3FD2AC2FF4F0170033A8E6 /* Resources */,
			);
			buildRules = (
			);
			dependencies = (
			);
			fileSystemSynchronizedGroups = (
				AE3FD2B02FF4F0170033A8E6 /* moto46 */,
			);
			name = moto46;
			packageProductDependencies = (
			);
			productName = moto46;
			productReference = AE3FD2AE2FF4F0170033A8E6 /* moto46.app */;
			productType = "com.apple.product-type.application";
		};
		AE3FD2BC2FF4F0180033A8E6 /* moto46Tests */ = {
			isa = PBXNativeTarget;
			buildConfigurationList = AE3FD2D42FF4F0180033A8E6 /* Build configuration list for PBXNativeTarget "moto46Tests" */;
			buildPhases = (
				AE3FD2B92FF4F0180033A8E6 /* Sources */,
				AE3FD2BA2FF4F0180033A8E6 /* Frameworks */,
				AE3FD2BB2FF4F0180033A8E6 /* Resources */,
			);
			buildRules = (
			);
			dependencies = (
				AE3FD2BF2FF4F0180033A8E6 /* PBXTargetDependency */,
			);
			fileSystemSynchronizedGroups = (
				AE3FD2C02FF4F0180033A8E6 /* moto46Tests */,
			);
			name = moto46Tests;
			packageProductDependencies = (
			);
			productName = moto46Tests;
			productReference = AE3FD2BD2FF4F0180033A8E6 /* moto46Tests.xctest */;
			productType = "com.apple.product-type.bundle.unit-test";
		};
		AE3FD2C62FF4F0180033A8E6 /* moto46UITests */ = {
			isa = PBXNativeTarget;
			buildConfigurationList = AE3FD2D72FF4F0180033A8E6 /* Build configuration list for PBXNativeTarget "moto46UITests" */;
			buildPhases = (
				AE3FD2C32FF4F0180033A8E6 /* Sources */,
				AE3FD2C42FF4F0180033A8E6 /* Frameworks */,
				AE3FD2C52FF4F0180033A8E6 /* Resources */,
			);
			buildRules = (
			);
			dependencies = (
				AE3FD2C92FF4F0180033A8E6 /* PBXTargetDependency */,
			);
			fileSystemSynchronizedGroups = (
				AE3FD2CA2FF4F0180033A8E6 /* moto46UITests */,
			);
			name = moto46UITests;
			packageProductDependencies = (
			);
			productName = moto46UITests;
			productReference = AE3FD2C72FF4F0180033A8E6 /* moto46UITests.xctest */;
			productType = "com.apple.product-type.bundle.ui-testing";
		};
/* End PBXNativeTarget section */

/* Begin PBXProject section */
		AE3FD2A62FF4F0170033A8E6 /* Project object */ = {
			isa = PBXProject;
			attributes = {
				BuildIndependentTargetsInParallel = 1;
				LastSwiftUpdateCheck = 2650;
				LastUpgradeCheck = 2650;
				TargetAttributes = {
					AE3FD2AD2FF4F0170033A8E6 = {
						CreatedOnToolsVersion = 26.5;
					};
					AE3FD2BC2FF4F0180033A8E6 = {
						CreatedOnToolsVersion = 26.5;
						TestTargetID = AE3FD2AD2FF4F0170033A8E6;
					};
					AE3FD2C62FF4F0180033A8E6 = {
						CreatedOnToolsVersion = 26.5;
						TestTargetID = AE3FD2AD2FF4F0170033A8E6;
					};
				};
			};
			buildConfigurationList = AE3FD2A92FF4F0170033A8E6 /* Build configuration list for PBXProject "moto46" */;
			developmentRegion = en;
			hasScannedForEncodings = 0;
			knownRegions = (
				en,
				Base,
			);
			mainGroup = AE3FD2A52FF4F0170033A8E6;
			minimizedProjectReferenceProxies = 1;
			preferredProjectObjectVersion = 77;
			productRefGroup = AE3FD2AF2FF4F0170033A8E6 /* Products */;
			projectDirPath = "";
			projectRoot = "";
			targets = (
				AE3FD2AD2FF4F0170033A8E6 /* moto46 */,
				AE3FD2BC2FF4F0180033A8E6 /* moto46Tests */,
				AE3FD2C62FF4F0180033A8E6 /* moto46UITests */,
			);
		};
/* End PBXProject section */

/* Begin PBXResourcesBuildPhase section */
		AE3FD2AC2FF4F0170033A8E6 /* Resources */ = {
			isa = PBXResourcesBuildPhase;
			buildActionMask = 2147483647;
			files = (
			);
			runOnlyForDeploymentPostprocessing = 0;
		};
		AE3FD2BB2FF4F0180033A8E6 /* Resources */ = {
			isa = PBXResourcesBuildPhase;
			buildActionMask = 2147483647;
			files = (
			);
			runOnlyForDeploymentPostprocessing = 0;
		};
		AE3FD2C52FF4F0180033A8E6 /* Resources */ = {
			isa = PBXResourcesBuildPhase;
			buildActionMask = 2147483647;
			files = (
			);
			runOnlyForDeploymentPostprocessing = 0;
		};
/* End PBXResourcesBuildPhase section */

/* Begin PBXSourcesBuildPhase section */
		AE3FD2AA2FF4F0170033A8E6 /* Sources */ = {
			isa = PBXSourcesBuildPhase;
			buildActionMask = 2147483647;
			files = (
			);
			runOnlyForDeploymentPostprocessing = 0;
		};
		AE3FD2B92FF4F0180033A8E6 /* Sources */ = {
			isa = PBXSourcesBuildPhase;
			buildActionMask = 2147483647;
			files = (
			);
			runOnlyForDeploymentPostprocessing = 0;
		};
		AE3FD2C32FF4F0180033A8E6 /* Sources */ = {
			isa = PBXSourcesBuildPhase;
			buildActionMask = 2147483647;
			files = (
			);
			runOnlyForDeploymentPostprocessing = 0;
		};
/* End PBXSourcesBuildPhase section */

/* Begin PBXTargetDependency section */
		AE3FD2BF2FF4F0180033A8E6 /* PBXTargetDependency */ = {
			isa = PBXTargetDependency;
			target = AE3FD2AD2FF4F0170033A8E6 /* moto46 */;
			targetProxy = AE3FD2BE2FF4F0180033A8E6 /* PBXContainerItemProxy */;
		};
		AE3FD2C92FF4F0180033A8E6 /* PBXTargetDependency */ = {
			isa = PBXTargetDependency;
			target = AE3FD2AD2FF4F0170033A8E6 /* moto46 */;
			targetProxy = AE3FD2C82FF4F0180033A8E6 /* PBXContainerItemProxy */;
		};
/* End PBXTargetDependency section */

/* Begin XCBuildConfiguration section */
		AE3FD2CF2FF4F0180033A8E6 /* Debug */ = {
			isa = XCBuildConfiguration;
			buildSettings = {
				ALWAYS_SEARCH_USER_PATHS = NO;
				ASSETCATALOG_COMPILER_GENERATE_SWIFT_ASSET_SYMBOL_EXTENSIONS = YES;
				CLANG_ANALYZER_NONNULL = YES;
				CLANG_ANALYZER_NUMBER_OBJECT_CONVERSION = YES_AGGRESSIVE;
				CLANG_CXX_LANGUAGE_STANDARD = "gnu++20";
				CLANG_ENABLE_MODULES = YES;
				CLANG_ENABLE_OBJC_ARC = YES;
				CLANG_ENABLE_OBJC_WEAK = YES;
				CLANG_WARN_BLOCK_CAPTURE_AUTORELEASING = YES;
				CLANG_WARN_BOOL_CONVERSION = YES;
				CLANG_WARN_COMMA = YES;
				CLANG_WARN_CONSTANT_CONVERSION = YES;
				CLANG_WARN_DEPRECATED_OBJC_IMPLEMENTATIONS = YES;
				CLANG_WARN_DIRECT_OBJC_ISA_USAGE = YES_ERROR;
				CLANG_WARN_DOCUMENTATION_COMMENTS = YES;
				CLANG_WARN_EMPTY_BODY = YES;
				CLANG_WARN_ENUM_CONVERSION = YES;
				CLANG_WARN_INFINITE_RECURSION = YES;
				CLANG_WARN_INT_CONVERSION = YES;
				CLANG_WARN_NON_LITERAL_NULL_CONVERSION = YES;
				CLANG_WARN_OBJC_IMPLICIT_RETAIN_SELF = YES;
				CLANG_WARN_OBJC_LITERAL_CONVERSION = YES;
				CLANG_WARN_OBJC_ROOT_CLASS = YES_ERROR;
				CLANG_WARN_QUOTED_INCLUDE_IN_FRAMEWORK_HEADER = YES;
				CLANG_WARN_RANGE_LOOP_ANALYSIS = YES;
				CLANG_WARN_STRICT_PROTOTYPES = YES;
				CLANG_WARN_SUSPICIOUS_MOVE = YES;
				CLANG_WARN_UNGUARDED_AVAILABILITY = YES_AGGRESSIVE;
				CLANG_WARN_UNREACHABLE_CODE = YES;
				CLANG_WARN__DUPLICATE_METHOD_MATCH = YES;
				COPY_PHASE_STRIP = NO;
				DEBUG_INFORMATION_FORMAT = dwarf;
				ENABLE_STRICT_OBJC_MSGSEND = YES;
				ENABLE_TESTABILITY = YES;
				ENABLE_USER_SCRIPT_SANDBOXING = YES;
				GCC_C_LANGUAGE_STANDARD = gnu17;
				GCC_DYNAMIC_NO_PIC = NO;
				GCC_NO_COMMON_BLOCKS = YES;
				GCC_OPTIMIZATION_LEVEL = 0;
				GCC_PREPROCESSOR_DEFINITIONS = (
					"DEBUG=1",
					"$(inherited)",
				);
				GCC_WARN_64_TO_32_BIT_CONVERSION = YES;
				GCC_WARN_ABOUT_RETURN_TYPE = YES_ERROR;
				GCC_WARN_UNDECLARED_SELECTOR = YES;
				GCC_WARN_UNINITIALIZED_AUTOS = YES_AGGRESSIVE;
				GCC_WARN_UNUSED_FUNCTION = YES;
				GCC_WARN_UNUSED_VARIABLE = YES;
				LOCALIZATION_PREFERS_STRING_CATALOGS = YES;
				MACOSX_DEPLOYMENT_TARGET = 26.3;
				MTL_ENABLE_DEBUG_INFO = INCLUDE_SOURCE;
				MTL_FAST_MATH = YES;
				ONLY_ACTIVE_ARCH = YES;
				SDKROOT = macosx;
				SWIFT_ACTIVE_COMPILATION_CONDITIONS = "DEBUG $(inherited)";
				SWIFT_OPTIMIZATION_LEVEL = "-Onone";
			};
			name = Debug;
		};
		AE3FD2D02FF4F0180033A8E6 /* Release */ = {
			isa = XCBuildConfiguration;
			buildSettings = {
				ALWAYS_SEARCH_USER_PATHS = NO;
				ASSETCATALOG_COMPILER_GENERATE_SWIFT_ASSET_SYMBOL_EXTENSIONS = YES;
				CLANG_ANALYZER_NONNULL = YES;
				CLANG_ANALYZER_NUMBER_OBJECT_CONVERSION = YES_AGGRESSIVE;
				CLANG_CXX_LANGUAGE_STANDARD = "gnu++20";
				CLANG_ENABLE_MODULES = YES;
				CLANG_ENABLE_OBJC_ARC = YES;
				CLANG_ENABLE_OBJC_WEAK = YES;
				CLANG_WARN_BLOCK_CAPTURE_AUTORELEASING = YES;
				CLANG_WARN_BOOL_CONVERSION = YES;
				CLANG_WARN_COMMA = YES;
				CLANG_WARN_CONSTANT_CONVERSION = YES;
				CLANG_WARN_DEPRECATED_OBJC_IMPLEMENTATIONS = YES;
				CLANG_WARN_DIRECT_OBJC_ISA_USAGE = YES_ERROR;
				CLANG_WARN_DOCUMENTATION_COMMENTS = YES;
				CLANG_WARN_EMPTY_BODY = YES;
				CLANG_WARN_ENUM_CONVERSION = YES;
				CLANG_WARN_INFINITE_RECURSION = YES;
				CLANG_WARN_INT_CONVERSION = YES;
				CLANG_WARN_NON_LITERAL_NULL_CONVERSION = YES;
				CLANG_WARN_OBJC_IMPLICIT_RETAIN_SELF = YES;
				CLANG_WARN_OBJC_LITERAL_CONVERSION = YES;
				CLANG_WARN_OBJC_ROOT_CLASS = YES_ERROR;
				CLANG_WARN_QUOTED_INCLUDE_IN_FRAMEWORK_HEADER = YES;
				CLANG_WARN_RANGE_LOOP_ANALYSIS = YES;
				CLANG_WARN_STRICT_PROTOTYPES = YES;
				CLANG_WARN_SUSPICIOUS_MOVE = YES;
				CLANG_WARN_UNGUARDED_AVAILABILITY = YES_AGGRESSIVE;
				CLANG_WARN_UNREACHABLE_CODE = YES;
				CLANG_WARN__DUPLICATE_METHOD_MATCH = YES;
				COPY_PHASE_STRIP = NO;
				DEBUG_INFORMATION_FORMAT = "dwarf-with-dsym";
				ENABLE_NS_ASSERTIONS = NO;
				ENABLE_STRICT_OBJC_MSGSEND = YES;
				ENABLE_USER_SCRIPT_SANDBOXING = YES;
				GCC_C_LANGUAGE_STANDARD = gnu17;
				GCC_NO_COMMON_BLOCKS = YES;
				GCC_WARN_64_TO_32_BIT_CONVERSION = YES;
				GCC_WARN_ABOUT_RETURN_TYPE = YES_ERROR;
				GCC_WARN_UNDECLARED_SELECTOR = YES;
				GCC_WARN_UNINITIALIZED_AUTOS = YES_AGGRESSIVE;
				GCC_WARN_UNUSED_FUNCTION = YES;
				GCC_WARN_UNUSED_VARIABLE = YES;
				LOCALIZATION_PREFERS_STRING_CATALOGS = YES;
				MACOSX_DEPLOYMENT_TARGET = 26.3;
				MTL_ENABLE_DEBUG_INFO = NO;
				MTL_FAST_MATH = YES;
				SDKROOT = macosx;
				SWIFT_COMPILATION_MODE = wholemodule;
			};
			name = Release;
		};
		AE3FD2D22FF4F0180033A8E6 /* Debug */ = {
			isa = XCBuildConfiguration;
			buildSettings = {
				ASSETCATALOG_COMPILER_APPICON_NAME = AppIcon;
				ASSETCATALOG_COMPILER_GLOBAL_ACCENT_COLOR_NAME = AccentColor;
				CODE_SIGN_STYLE = Automatic;
				COMBINE_HIDPI_IMAGES = YES;
				CURRENT_PROJECT_VERSION = 1;
				ENABLE_APP_SANDBOX = YES;
				ENABLE_PREVIEWS = YES;
				ENABLE_USER_SELECTED_FILES = readonly;
				GENERATE_INFOPLIST_FILE = YES;
				INFOPLIST_KEY_NSHumanReadableCopyright = "";
				LD_RUNPATH_SEARCH_PATHS = (
					"$(inherited)",
					"@executable_path/../Frameworks",
				);
				MARKETING_VERSION = 1.0;
				PRODUCT_BUNDLE_IDENTIFIER = maanas.moto46;
				PRODUCT_NAME = "$(TARGET_NAME)";
				REGISTER_APP_GROUPS = YES;
				STRING_CATALOG_GENERATE_SYMBOLS = YES;
				SWIFT_APPROACHABLE_CONCURRENCY = YES;
				SWIFT_DEFAULT_ACTOR_ISOLATION = MainActor;
				SWIFT_EMIT_LOC_STRINGS = YES;
				SWIFT_UPCOMING_FEATURE_MEMBER_IMPORT_VISIBILITY = YES;
				SWIFT_VERSION = 5.0;
			};
			name = Debug;
		};
		AE3FD2D32FF4F0180033A8E6 /* Release */ = {
			isa = XCBuildConfiguration;
			buildSettings = {
				ASSETCATALOG_COMPILER_APPICON_NAME = AppIcon;
				ASSETCATALOG_COMPILER_GLOBAL_ACCENT_COLOR_NAME = AccentColor;
				CODE_SIGN_STYLE = Automatic;
				COMBINE_HIDPI_IMAGES = YES;
				CURRENT_PROJECT_VERSION = 1;
				ENABLE_APP_SANDBOX = YES;
				ENABLE_PREVIEWS = YES;
				ENABLE_USER_SELECTED_FILES = readonly;
				GENERATE_INFOPLIST_FILE = YES;
				INFOPLIST_KEY_NSHumanReadableCopyright = "";
				LD_RUNPATH_SEARCH_PATHS = (
					"$(inherited)",
					"@executable_path/../Frameworks",
				);
				MARKETING_VERSION = 1.0;
				PRODUCT_BUNDLE_IDENTIFIER = maanas.moto46;
				PRODUCT_NAME = "$(TARGET_NAME)";
				REGISTER_APP_GROUPS = YES;
				STRING_CATALOG_GENERATE_SYMBOLS = YES;
				SWIFT_APPROACHABLE_CONCURRENCY = YES;
				SWIFT_DEFAULT_ACTOR_ISOLATION = MainActor;
				SWIFT_EMIT_LOC_STRINGS = YES;
				SWIFT_UPCOMING_FEATURE_MEMBER_IMPORT_VISIBILITY = YES;
				SWIFT_VERSION = 5.0;
			};
			name = Release;
		};
		AE3FD2D52FF4F0180033A8E6 /* Debug */ = {
			isa = XCBuildConfiguration;
			buildSettings = {
				BUNDLE_LOADER = "$(TEST_HOST)";
				CODE_SIGN_STYLE = Automatic;
				CURRENT_PROJECT_VERSION = 1;
				GENERATE_INFOPLIST_FILE = YES;
				MACOSX_DEPLOYMENT_TARGET = 26.3;
				MARKETING_VERSION = 1.0;
				PRODUCT_BUNDLE_IDENTIFIER = maanas.moto46Tests;
				PRODUCT_NAME = "$(TARGET_NAME)";
				STRING_CATALOG_GENERATE_SYMBOLS = NO;
				SWIFT_APPROACHABLE_CONCURRENCY = YES;
				SWIFT_EMIT_LOC_STRINGS = NO;
				SWIFT_UPCOMING_FEATURE_MEMBER_IMPORT_VISIBILITY = YES;
				SWIFT_VERSION = 5.0;
				TEST_HOST = "$(BUILT_PRODUCTS_DIR)/moto46.app/$(BUNDLE_EXECUTABLE_FOLDER_PATH)/moto46";
			};
			name = Debug;
		};
		AE3FD2D62FF4F0180033A8E6 /* Release */ = {
			isa = XCBuildConfiguration;
			buildSettings = {
				BUNDLE_LOADER = "$(TEST_HOST)";
				CODE_SIGN_STYLE = Automatic;
				CURRENT_PROJECT_VERSION = 1;
				GENERATE_INFOPLIST_FILE = YES;
				MACOSX_DEPLOYMENT_TARGET = 26.3;
				MARKETING_VERSION = 1.0;
				PRODUCT_BUNDLE_IDENTIFIER = maanas.moto46Tests;
				PRODUCT_NAME = "$(TARGET_NAME)";
				STRING_CATALOG_GENERATE_SYMBOLS = NO;
				SWIFT_APPROACHABLE_CONCURRENCY = YES;
				SWIFT_EMIT_LOC_STRINGS = NO;
				SWIFT_UPCOMING_FEATURE_MEMBER_IMPORT_VISIBILITY = YES;
				SWIFT_VERSION = 5.0;
				TEST_HOST = "$(BUILT_PRODUCTS_DIR)/moto46.app/$(BUNDLE_EXECUTABLE_FOLDER_PATH)/moto46";
			};
			name = Release;
		};
		AE3FD2D82FF4F0180033A8E6 /* Debug */ = {
			isa = XCBuildConfiguration;
			buildSettings = {
				CODE_SIGN_STYLE = Automatic;
				CURRENT_PROJECT_VERSION = 1;
				GENERATE_INFOPLIST_FILE = YES;
				MARKETING_VERSION = 1.0;
				PRODUCT_BUNDLE_IDENTIFIER = maanas.moto46UITests;
				PRODUCT_NAME = "$(TARGET_NAME)";
				STRING_CATALOG_GENERATE_SYMBOLS = NO;
				SWIFT_APPROACHABLE_CONCURRENCY = YES;
				SWIFT_EMIT_LOC_STRINGS = NO;
				SWIFT_UPCOMING_FEATURE_MEMBER_IMPORT_VISIBILITY = YES;
				SWIFT_VERSION = 5.0;
				TEST_TARGET_NAME = moto46;
			};
			name = Debug;
		};
		AE3FD2D92FF4F0180033A8E6 /* Release */ = {
			isa = XCBuildConfiguration;
			buildSettings = {
				CODE_SIGN_STYLE = Automatic;
				CURRENT_PROJECT_VERSION = 1;
				GENERATE_INFOPLIST_FILE = YES;
				MARKETING_VERSION = 1.0;
				PRODUCT_BUNDLE_IDENTIFIER = maanas.moto46UITests;
				PRODUCT_NAME = "$(TARGET_NAME)";
				STRING_CATALOG_GENERATE_SYMBOLS = NO;
				SWIFT_APPROACHABLE_CONCURRENCY = YES;
				SWIFT_EMIT_LOC_STRINGS = NO;
				SWIFT_UPCOMING_FEATURE_MEMBER_IMPORT_VISIBILITY = YES;
				SWIFT_VERSION = 5.0;
				TEST_TARGET_NAME = moto46;
			};
			name = Release;
		};
/* End XCBuildConfiguration section */

/* Begin XCConfigurationList section */
		AE3FD2A92FF4F0170033A8E6 /* Build configuration list for PBXProject "moto46" */ = {
			isa = XCConfigurationList;
			buildConfigurations = (
				AE3FD2CF2FF4F0180033A8E6 /* Debug */,
				AE3FD2D02FF4F0180033A8E6 /* Release */,
			);
			defaultConfigurationIsVisible = 0;
			defaultConfigurationName = Release;
		};
		AE3FD2D12FF4F0180033A8E6 /* Build configuration list for PBXNativeTarget "moto46" */ = {
			isa = XCConfigurationList;
			buildConfigurations = (
				AE3FD2D22FF4F0180033A8E6 /* Debug */,
				AE3FD2D32FF4F0180033A8E6 /* Release */,
			);
			defaultConfigurationIsVisible = 0;
			defaultConfigurationName = Release;
		};
		AE3FD2D42FF4F0180033A8E6 /* Build configuration list for PBXNativeTarget "moto46Tests" */ = {
			isa = XCConfigurationList;
			buildConfigurations = (
				AE3FD2D52FF4F0180033A8E6 /* Debug */,
				AE3FD2D62FF4F0180033A8E6 /* Release */,
			);
			defaultConfigurationIsVisible = 0;
			defaultConfigurationName = Release;
		};
		AE3FD2D72FF4F0180033A8E6 /* Build configuration list for PBXNativeTarget "moto46UITests" */ = {
			isa = XCConfigurationList;
			buildConfigurations = (
				AE3FD2D82FF4F0180033A8E6 /* Debug */,
				AE3FD2D92FF4F0180033A8E6 /* Release */,
			);
			defaultConfigurationIsVisible = 0;
			defaultConfigurationName = Release;
		};
/* End XCConfigurationList section */
	};
	rootObject = AE3FD2A62FF4F0170033A8E6 /* Project object */;
}
